
Microsoft Visual Studio Solution File, Format Version 12.00
# Visual Studio Version 17
VisualStudioVersion = 17.12.35527.113 d17.12
MinimumVisualStudioVersion = 10.0.40219.1
Project("{FAE04EC0-301F-11D3-BF4B-00C04F79EFBC}") = "pr9", "pr9.csproj", "{CD299E4C-B962-4200-AA8C-7E6AC2E366DA}"
EndProject
Global
	GlobalSection(SolutionConfigurationPlatforms) = preSolution
		Debug|Any CPU = Debug|Any CPU
		Release|Any CPU = Release|Any CPU
	EndGlobalSection
	GlobalSection(ProjectConfigurationPlatforms) = postSolution
		{CD299E4C-B962-4200-AA8C-7E6AC2E366DA}.Debug|Any CPU.ActiveCfg = Debug|Any CPU
		{CD299E4C-B962-4200-AA8C-7E6AC2E366DA}.Debug|Any CPU.Build.0 = Debug|Any CPU
		{CD299E4C-B962-4200-AA8C-7E6AC2E366DA}.Release|Any CPU.ActiveCfg = Release|Any CPU
		{CD299E4C-B962-4200-AA8C-7E6AC2E366DA}.Release|Any CPU.Build.0 = Release|Any CPU
	EndGlobalSection
	GlobalSection(SolutionProperties) = preSolution
		HideSolutionNode = FALSE
	EndGlobalSection
EndGlobal
